
Microsoft Visual Studio Solution File, Format Version 12.00
# Visual Studio Version 17
VisualStudioVersion = 17.7.34031.279
MinimumVisualStudioVersion = 10.0.40219.1
Project("{FAE04EC0-301F-11D3-BF4B-00C04F79EFBC}") = "Task1", "Task1\Task1.csproj", "{2A9A117E-AE12-4FCB-9018-02A1CAD37428}"
EndProject
Project("{FAE04EC0-301F-11D3-BF4B-00C04F79EFBC}") = "Task2", "Task2\Task2.csproj", "{FBF468A7-2634-4B5E-9126-B7B0C732015A}"
EndProject
Project("{FAE04EC0-301F-11D3-BF4B-00C04F79EFBC}") = "Task3", "Task3\Task3.csproj", "{2688F3A0-20DE-4078-B088-4D944C4B5DFF}"
EndProject
Global
	GlobalSection(SolutionConfigurationPlatforms) = preSolution
		Debug|Any CPU = Debug|Any CPU
		Release|Any CPU = Release|Any CPU
	EndGlobalSection
	GlobalSection(ProjectConfigurationPlatforms) = postSolution
		{2A9A117E-AE12-4FCB-9018-02A1CAD37428}.Debug|Any CPU.ActiveCfg = Debug|Any CPU
		{2A9A117E-AE12-4FCB-9018-02A1CAD37428}.Debug|Any CPU.Build.0 = Debug|Any CPU
		{2A9A117E-AE12-4FCB-9018-02A1CAD37428}.Release|Any CPU.ActiveCfg = Release|Any CPU
		{2A9A117E-AE12-4FCB-9018-02A1CAD37428}.Release|Any CPU.Build.0 = Release|Any CPU
		{FBF468A7-2634-4B5E-9126-B7B0C732015A}.Debug|Any CPU.ActiveCfg = Debug|Any CPU
		{FBF468A7-2634-4B5E-9126-B7B0C732015A}.Debug|Any CPU.Build.0 = Debug|Any CPU
		{FBF468A7-2634-4B5E-9126-B7B0C732015A}.Release|Any CPU.ActiveCfg = Release|Any CPU
		{FBF468A7-2634-4B5E-9126-B7B0C732015A}.Release|Any CPU.Build.0 = Release|Any CPU
		{2688F3A0-20DE-4078-B088-4D944C4B5DFF}.Debug|Any CPU.ActiveCfg = Debug|Any CPU
		{2688F3A0-20DE-4078-B088-4D944C4B5DFF}.Debug|Any CPU.Build.0 = Debug|Any CPU
		{2688F3A0-20DE-4078-B088-4D944C4B5DFF}.Release|Any CPU.ActiveCfg = Release|Any CPU
		{2688F3A0-20DE-4078-B088-4D944C4B5DFF}.Release|Any CPU.Build.0 = Release|Any CPU
	EndGlobalSection
	GlobalSection(SolutionProperties) = preSolution
		HideSolutionNode = FALSE
	EndGlobalSection
	GlobalSection(ExtensibilityGlobals) = postSolution
		SolutionGuid = {FBE19120-36AF-4CA8-8933-F10E3540BA91}
	EndGlobalSection
EndGlobal
